
Microsoft Visual Studio Solution File, Format Version 12.00
# Visual Studio Version 17
VisualStudioVersion = 17.0.31912.275
MinimumVisualStudioVersion = 10.0.40219.1
Project("{FAE04EC0-301F-11D3-BF4B-00C04F79EFBC}") = "UdgChallenge", "UdgChallenge.csproj", "{73468A52-DF0B-4BBF-918E-9B0D68860767}"
EndProject
Global
	GlobalSection(SolutionConfigurationPlatforms) = preSolution
		Debug|Any CPU = Debug|Any CPU
		Release|Any CPU = Release|Any CPU
	EndGlobalSection
	GlobalSection(ProjectConfigurationPlatforms) = postSolution
		{73468A52-DF0B-4BBF-918E-9B0D68860767}.Debug|Any CPU.ActiveCfg = Debug|Any CPU
		{73468A52-DF0B-4BBF-918E-9B0D68860767}.Debug|Any CPU.Build.0 = Debug|Any CPU
		{73468A52-DF0B-4BBF-918E-9B0D68860767}.Release|Any CPU.ActiveCfg = Release|Any CPU
		{73468A52-DF0B-4BBF-918E-9B0D68860767}.Release|Any CPU.Build.0 = Release|Any CPU
	EndGlobalSection
	GlobalSection(SolutionProperties) = preSolution
		HideSolutionNode = FALSE
	EndGlobalSection
	GlobalSection(ExtensibilityGlobals) = postSolution
		SolutionGuid = {3FD31289-2A51-4062-AF22-8751D525E1F8}
	EndGlobalSection
EndGlobal
